
Microsoft Visual Studio Solution File, Format Version 12.00
# Visual Studio Version 17
VisualStudioVersion = 17.0.31903.59
MinimumVisualStudioVersion = 10.0.40219.1
Project("{2150E333-8FDC-42A3-9474-1A3956D46DE8}") = "src", "src", "{C8D4DD84-D839-4DA2-ADC1-8A2466F19A75}"
EndProject
Project("{FAE04EC0-301F-11D3-BF4B-00C04F79EFBC}") = "Gtamp.Shared", "src\Gtamp.Shared\Gtamp.Shared.csproj", "{75ADC746-8817-4DA1-914F-4A949392E4B1}"
EndProject
Project("{FAE04EC0-301F-11D3-BF4B-00C04F79EFBC}") = "Gtamp.Client.Core", "src\Gtamp.Client.Core\Gtamp.Client.Core.csproj", "{11405BA4-61DF-4FF0-A826-8CBD6F4F28C6}"
EndProject
Project("{FAE04EC0-301F-11D3-BF4B-00C04F79EFBC}") = "Gtamp.Server", "src\Gtamp.Server\Gtamp.Server.csproj", "{482A2DE3-2B1C-4ADA-8811-D569FA8BAE1B}"
EndProject
Project("{FAE04EC0-301F-11D3-BF4B-00C04F79EFBC}") = "Gtamp.Client.Shv", "src\Gtamp.Client.Shv\Gtamp.Client.Shv.csproj", "{99B73CBE-DDA1-4B62-A17F-B0EAF2CE1E11}"
EndProject
Project("{FAE04EC0-301F-11D3-BF4B-00C04F79EFBC}") = "Gtamp.Adapters.Rph", "src\Gtamp.Adapters.Rph\Gtamp.Adapters.Rph.csproj", "{3AEE4E05-6A33-49E6-9B84-7A33FDC9D519}"
EndProject
Project("{FAE04EC0-301F-11D3-BF4B-00C04F79EFBC}") = "Gtamp.Adapters.Lspdfr", "src\Gtamp.Adapters.Lspdfr\Gtamp.Adapters.Lspdfr.csproj", "{05C8CF89-9C64-4D9B-919C-FDB4957B7BEF}"
EndProject
Project("{2150E333-8FDC-42A3-9474-1A3956D46DE8}") = "tests", "tests", "{11E21763-1317-4344-B10D-810374C3ED49}"
EndProject
Project("{FAE04EC0-301F-11D3-BF4B-00C04F79EFBC}") = "Gtamp.Tests", "tests\Gtamp.Tests\Gtamp.Tests.csproj", "{E4B21EDF-34D5-4F7E-9045-DBC4A13AE2D0}"
EndProject
Project("{FAE04EC0-301F-11D3-BF4B-00C04F79EFBC}") = "Gtamp.RphBridge", "src\Gtamp.RphBridge\Gtamp.RphBridge.csproj", "{9B7B6EF1-3A61-4275-9E96-DDB1848ADBA2}"
EndProject
Project("{FAE04EC0-301F-11D3-BF4B-00C04F79EFBC}") = "Gtamp.Bot", "src\Gtamp.Bot\Gtamp.Bot.csproj", "{C111A561-D8B3-4193-9F20-AA288D4F6086}"
EndProject
Global
	GlobalSection(SolutionConfigurationPlatforms) = preSolution
		Debug|Any CPU = Debug|Any CPU
		Release|Any CPU = Release|Any CPU
	EndGlobalSection
	GlobalSection(SolutionProperties) = preSolution
		HideSolutionNode = FALSE
	EndGlobalSection
	GlobalSection(ProjectConfigurationPlatforms) = postSolution
		{75ADC746-8817-4DA1-914F-4A949392E4B1}.Debug|Any CPU.ActiveCfg = Debug|Any CPU
		{75ADC746-8817-4DA1-914F-4A949392E4B1}.Debug|Any CPU.Build.0 = Debug|Any CPU
		{75ADC746-8817-4DA1-914F-4A949392E4B1}.Release|Any CPU.ActiveCfg = Release|Any CPU
		{75ADC746-8817-4DA1-914F-4A949392E4B1}.Release|Any CPU.Build.0 = Release|Any CPU
		{11405BA4-61DF-4FF0-A826-8CBD6F4F28C6}.Debug|Any CPU.ActiveCfg = Debug|Any CPU
		{11405BA4-61DF-4FF0-A826-8CBD6F4F28C6}.Debug|Any CPU.Build.0 = Debug|Any CPU
		{11405BA4-61DF-4FF0-A826-8CBD6F4F28C6}.Release|Any CPU.ActiveCfg = Release|Any CPU
		{11405BA4-61DF-4FF0-A826-8CBD6F4F28C6}.Release|Any CPU.Build.0 = Release|Any CPU
		{482A2DE3-2B1C-4ADA-8811-D569FA8BAE1B}.Debug|Any CPU.ActiveCfg = Debug|Any CPU
		{482A2DE3-2B1C-4ADA-8811-D569FA8BAE1B}.Debug|Any CPU.Build.0 = Debug|Any CPU
		{482A2DE3-2B1C-4ADA-8811-D569FA8BAE1B}.Release|Any CPU.ActiveCfg = Release|Any CPU
		{482A2DE3-2B1C-4ADA-8811-D569FA8BAE1B}.Release|Any CPU.Build.0 = Release|Any CPU
		{99B73CBE-DDA1-4B62-A17F-B0EAF2CE1E11}.Debug|Any CPU.ActiveCfg = Debug|Any CPU
		{99B73CBE-DDA1-4B62-A17F-B0EAF2CE1E11}.Debug|Any CPU.Build.0 = Debug|Any CPU
		{99B73CBE-DDA1-4B62-A17F-B0EAF2CE1E11}.Release|Any CPU.ActiveCfg = Release|Any CPU
		{99B73CBE-DDA1-4B62-A17F-B0EAF2CE1E11}.Release|Any CPU.Build.0 = Release|Any CPU
		{3AEE4E05-6A33-49E6-9B84-7A33FDC9D519}.Debug|Any CPU.ActiveCfg = Debug|Any CPU
		{3AEE4E05-6A33-49E6-9B84-7A33FDC9D519}.Debug|Any CPU.Build.0 = Debug|Any CPU
		{3AEE4E05-6A33-49E6-9B84-7A33FDC9D519}.Release|Any CPU.ActiveCfg = Release|Any CPU
		{3AEE4E05-6A33-49E6-9B84-7A33FDC9D519}.Release|Any CPU.Build.0 = Release|Any CPU
		{05C8CF89-9C64-4D9B-919C-FDB4957B7BEF}.Debug|Any CPU.ActiveCfg = Debug|Any CPU
		{05C8CF89-9C64-4D9B-919C-FDB4957B7BEF}.Debug|Any CPU.Build.0 = Debug|Any CPU
		{05C8CF89-9C64-4D9B-919C-FDB4957B7BEF}.Release|Any CPU.ActiveCfg = Release|Any CPU
		{05C8CF89-9C64-4D9B-919C-FDB4957B7BEF}.Release|Any CPU.Build.0 = Release|Any CPU
		{E4B21EDF-34D5-4F7E-9045-DBC4A13AE2D0}.Debug|Any CPU.ActiveCfg = Debug|Any CPU
		{E4B21EDF-34D5-4F7E-9045-DBC4A13AE2D0}.Debug|Any CPU.Build.0 = Debug|Any CPU
		{E4B21EDF-34D5-4F7E-9045-DBC4A13AE2D0}.Release|Any CPU.ActiveCfg = Release|Any CPU
		{E4B21EDF-34D5-4F7E-9045-DBC4A13AE2D0}.Release|Any CPU.Build.0 = Release|Any CPU
		{9B7B6EF1-3A61-4275-9E96-DDB1848ADBA2}.Debug|Any CPU.ActiveCfg = Debug|Any CPU
		{9B7B6EF1-3A61-4275-9E96-DDB1848ADBA2}.Debug|Any CPU.Build.0 = Debug|Any CPU
		{9B7B6EF1-3A61-4275-9E96-DDB1848ADBA2}.Release|Any CPU.ActiveCfg = Release|Any CPU
		{9B7B6EF1-3A61-4275-9E96-DDB1848ADBA2}.Release|Any CPU.Build.0 = Release|Any CPU
		{C111A561-D8B3-4193-9F20-AA288D4F6086}.Debug|Any CPU.ActiveCfg = Debug|Any CPU
		{C111A561-D8B3-4193-9F20-AA288D4F6086}.Debug|Any CPU.Build.0 = Debug|Any CPU
		{C111A561-D8B3-4193-9F20-AA288D4F6086}.Release|Any CPU.ActiveCfg = Release|Any CPU
		{C111A561-D8B3-4193-9F20-AA288D4F6086}.Release|Any CPU.Build.0 = Release|Any CPU
	EndGlobalSection
	GlobalSection(NestedProjects) = preSolution
		{75ADC746-8817-4DA1-914F-4A949392E4B1} = {C8D4DD84-D839-4DA2-ADC1-8A2466F19A75}
		{11405BA4-61DF-4FF0-A826-8CBD6F4F28C6} = {C8D4DD84-D839-4DA2-ADC1-8A2466F19A75}
		{482A2DE3-2B1C-4ADA-8811-D569FA8BAE1B} = {C8D4DD84-D839-4DA2-ADC1-8A2466F19A75}
		{99B73CBE-DDA1-4B62-A17F-B0EAF2CE1E11} = {C8D4DD84-D839-4DA2-ADC1-8A2466F19A75}
		{3AEE4E05-6A33-49E6-9B84-7A33FDC9D519} = {C8D4DD84-D839-4DA2-ADC1-8A2466F19A75}
		{05C8CF89-9C64-4D9B-919C-FDB4957B7BEF} = {C8D4DD84-D839-4DA2-ADC1-8A2466F19A75}
		{E4B21EDF-34D5-4F7E-9045-DBC4A13AE2D0} = {11E21763-1317-4344-B10D-810374C3ED49}
		{9B7B6EF1-3A61-4275-9E96-DDB1848ADBA2} = {C8D4DD84-D839-4DA2-ADC1-8A2466F19A75}
		{C111A561-D8B3-4193-9F20-AA288D4F6086} = {C8D4DD84-D839-4DA2-ADC1-8A2466F19A75}
	EndGlobalSection
EndGlobal
